
Microsoft Visual Studio Solution File, Format Version 12.00
# Visual Studio Version 17
VisualStudioVersion = 17.8.34525.116
MinimumVisualStudioVersion = 10.0.40219.1
Project("{FAE04EC0-301F-11D3-BF4B-00C04F79EFBC}") = "AutoClicker", "AutoClicker.csproj", "{F4EA3B24-7683-4E80-8C2A-1F6C757E21DA}"
EndProject
Global
	GlobalSection(SolutionConfigurationPlatforms) = preSolution
		Debug|Any CPU = Debug|Any CPU
		Release|Any CPU = Release|Any CPU
	EndGlobalSection
	GlobalSection(ProjectConfigurationPlatforms) = postSolution
		{F4EA3B24-7683-4E80-8C2A-1F6C757E21DA}.Debug|Any CPU.ActiveCfg = Debug|Any CPU
		{F4EA3B24-7683-4E80-8C2A-1F6C757E21DA}.Debug|Any CPU.Build.0 = Debug|Any CPU
		{F4EA3B24-7683-4E80-8C2A-1F6C757E21DA}.Release|Any CPU.ActiveCfg = Release|Any CPU
		{F4EA3B24-7683-4E80-8C2A-1F6C757E21DA}.Release|Any CPU.Build.0 = Release|Any CPU
	EndGlobalSection
	GlobalSection(SolutionProperties) = preSolution
		HideSolutionNode = FALSE
	EndGlobalSection
	GlobalSection(ExtensibilityGlobals) = postSolution
		SolutionGuid = {CB1F5378-1E31-4BC6-9D97-5D80A53C3342}
	EndGlobalSection
EndGlobal
